
Microsoft Visual Studio Solution File, Format Version 12.00
# Visual Studio Version 16
VisualStudioVersion = 16.0.31321.278
MinimumVisualStudioVersion = 10.0.40219.1
Project("{FAE04EC0-301F-11D3-BF4B-00C04F79EFBC}") = "EmployeeService", "EmployeeService\EmployeeService.csproj", "{0BC15E05-EAFC-4816-BFF2-75C90AA4863B}"
EndProject
Global
	GlobalSection(SolutionConfigurationPlatforms) = preSolution
		Debug|Any CPU = Debug|Any CPU
		Release|Any CPU = Release|Any CPU
	EndGlobalSection
	GlobalSection(ProjectConfigurationPlatforms) = postSolution
		{0BC15E05-EAFC-4816-BFF2-75C90AA4863B}.Debug|Any CPU.ActiveCfg = Debug|Any CPU
		{0BC15E05-EAFC-4816-BFF2-75C90AA4863B}.Debug|Any CPU.Build.0 = Debug|Any CPU
		{0BC15E05-EAFC-4816-BFF2-75C90AA4863B}.Release|Any CPU.ActiveCfg = Release|Any CPU
		{0BC15E05-EAFC-4816-BFF2-75C90AA4863B}.Release|Any CPU.Build.0 = Release|Any CPU
	EndGlobalSection
	GlobalSection(SolutionProperties) = preSolution
		HideSolutionNode = FALSE
	EndGlobalSection
	GlobalSection(ExtensibilityGlobals) = postSolution
		SolutionGuid = {BB035FB3-146E-4933-82BE-07BF416FD7C5}
	EndGlobalSection
EndGlobal
